
Microsoft Visual Studio Solution File, Format Version 12.00
# Visual Studio 15
VisualStudioVersion = 15.0.28307.329
MinimumVisualStudioVersion = 10.0.40219.1
Project("{FAE04EC0-301F-11D3-BF4B-00C04F79EFBC}") = "MinPhraseAI", "MinPhraseAI\MinPhraseAI.csproj", "{DF27E4D8-7AE1-401E-88CE-70EF8B36E10D}"
EndProject
Global
	GlobalSection(SolutionConfigurationPlatforms) = preSolution
		Debug|Any CPU = Debug|Any CPU
		Release|Any CPU = Release|Any CPU
	EndGlobalSection
	GlobalSection(ProjectConfigurationPlatforms) = postSolution
		{DF27E4D8-7AE1-401E-88CE-70EF8B36E10D}.Debug|Any CPU.ActiveCfg = Debug|Any CPU
		{DF27E4D8-7AE1-401E-88CE-70EF8B36E10D}.Debug|Any CPU.Build.0 = Debug|Any CPU
		{DF27E4D8-7AE1-401E-88CE-70EF8B36E10D}.Release|Any CPU.ActiveCfg = Release|Any CPU
		{DF27E4D8-7AE1-401E-88CE-70EF8B36E10D}.Release|Any CPU.Build.0 = Release|Any CPU
	EndGlobalSection
	GlobalSection(SolutionProperties) = preSolution
		HideSolutionNode = FALSE
	EndGlobalSection
	GlobalSection(ExtensibilityGlobals) = postSolution
		SolutionGuid = {BF93142A-00AA-47CE-97B4-BD7CEDC4231B}
	EndGlobalSection
EndGlobal
